
Microsoft Visual Studio Solution File, Format Version 12.00
# Visual Studio Version 16
VisualStudioVersion = 16.0.31005.135
MinimumVisualStudioVersion = 10.0.40219.1
Project("{FAE04EC0-301F-11D3-BF4B-00C04F79EFBC}") = "bingo", "bingo\bingo.csproj", "{80532AC0-38F2-4162-99DA-9147A3A4F56C}"
EndProject
Global
	GlobalSection(SolutionConfigurationPlatforms) = preSolution
		Debug|Any CPU = Debug|Any CPU
		Release|Any CPU = Release|Any CPU
	EndGlobalSection
	GlobalSection(ProjectConfigurationPlatforms) = postSolution
		{80532AC0-38F2-4162-99DA-9147A3A4F56C}.Debug|Any CPU.ActiveCfg = Debug|Any CPU
		{80532AC0-38F2-4162-99DA-9147A3A4F56C}.Debug|Any CPU.Build.0 = Debug|Any CPU
		{80532AC0-38F2-4162-99DA-9147A3A4F56C}.Release|Any CPU.ActiveCfg = Release|Any CPU
		{80532AC0-38F2-4162-99DA-9147A3A4F56C}.Release|Any CPU.Build.0 = Release|Any CPU
	EndGlobalSection
	GlobalSection(SolutionProperties) = preSolution
		HideSolutionNode = FALSE
	EndGlobalSection
	GlobalSection(ExtensibilityGlobals) = postSolution
		SolutionGuid = {DE0B8144-00B4-4FD3-B69B-99B81809835E}
	EndGlobalSection
EndGlobal
